// !$*UTF8*$!
{
	archiveVersion = 1;
	classes = {
	};
	objectVersion = 77;
	objects = {

/* Begin PBXBuildFile section */
		5AF2C1D62CAE15300042D328 /* subtitle-encode in Resources */ = {isa = PBXBuildFile; fileRef = 5AF2C1D52CAE15300042D328 /* subtitle-encode */; };
/* End PBXBuildFile section */

/* Begin PBXContainerItemProxy section */
		5AF2C1B92CAE0AB00042D328 /* PBXContainerItemProxy */ = {
			isa = PBXContainerItemProxy;
			containerPortal = 5AF2C19F2CAE0AAD0042D328 /* Project object */;
			proxyType = 1;
			remoteGlobalIDString = 5AF2C1A62CAE0AAD0042D328;
			remoteInfo = "Subtitle UTF-8 Converter";
		};
		5AF2C1C32CAE0AB00042D328 /* PBXContainerItemProxy */ = {
			isa = PBXContainerItemProxy;
			containerPortal = 5AF2C19F2CAE0AAD0042D328 /* Project object */;
			proxyType = 1;
			remoteGlobalIDString = 5AF2C1A62CAE0AAD0042D328;
			remoteInfo = "Subtitle UTF-8 Converter";
		};
/* End PBXContainerItemProxy section */

/* Begin PBXFileReference section */
		5AF2C1A72CAE0AAD0042D328 /* Subtitle UTF-8 Converter.app */ = {isa = PBXFileReference; explicitFileType = wrapper.application; includeInIndex = 0; path = "Subtitle UTF-8 Converter.app"; sourceTree = BUILT_PRODUCTS_DIR; };
		5AF2C1B82CAE0AB00042D328 /* Subtitle UTF-8 ConverterTests.xctest */ = {isa = PBXFileReference; explicitFileType = wrapper.cfbundle; includeInIndex = 0; path = "Subtitle UTF-8 ConverterTests.xctest"; sourceTree = BUILT_PRODUCTS_DIR; };
		5AF2C1C22CAE0AB00042D328 /* Subtitle UTF-8 ConverterUITests.xctest */ = {isa = PBXFileReference; explicitFileType = wrapper.cfbundle; includeInIndex = 0; path = "Subtitle UTF-8 ConverterUITests.xctest"; sourceTree = BUILT_PRODUCTS_DIR; };
		5AF2C1D52CAE15300042D328 /* subtitle-encode */ = {isa = PBXFileReference; lastKnownFileType = text.script.sh; path = "subtitle-encode"; sourceTree = "<group>"; };
/* End PBXFileReference section */

/* Begin PBXFileSystemSynchronizedRootGroup section */
		5AF2C1A92CAE0AAD0042D328 /* Subtitle UTF-8 Converter */ = {
			isa = PBXFileSystemSynchronizedRootGroup;
			path = "Subtitle UTF-8 Converter";
			sourceTree = "<group>";
		};
		5AF2C1BB2CAE0AB00042D328 /* Subtitle UTF-8 ConverterTests */ = {
			isa = PBXFileSystemSynchronizedRootGroup;
			path = "Subtitle UTF-8 ConverterTests";
			sourceTree = "<group>";
		};
		5AF2C1C52CAE0AB00042D328 /* Subtitle UTF-8 ConverterUITests */ = {
			isa = PBXFileSystemSynchronizedRootGroup;
			path = "Subtitle UTF-8 ConverterUITests";
			sourceTree = "<group>";
		};
/* End PBXFileSystemSynchronizedRootGroup section */

/* Begin PBXFrameworksBuildPhase section */
		5AF2C1A42CAE0AAD0042D328 /* Frameworks */ = {
			isa = PBXFrameworksBuildPhase;
			buildActionMask = 2147483647;
			files = (
			);
			runOnlyForDeploymentPostprocessing = 0;
		};
		5AF2C1B52CAE0AB00042D328 /* Frameworks */ = {
			isa = PBXFrameworksBuildPhase;
			buildActionMask = 2147483647;
			files = (
			);
			runOnlyForDeploymentPostprocessing = 0;
		};
		5AF2C1BF2CAE0AB00042D328 /* Frameworks */ = {
			isa = PBXFrameworksBuildPhase;
			buildActionMask = 2147483647;
			files = (
			);
			runOnlyForDeploymentPostprocessing = 0;
		};
/* End PBXFrameworksBuildPhase section */

/* Begin PBXGroup section */
		5AF2C19E2CAE0AAD0042D328 = {
			isa = PBXGroup;
			children = (
				5AF2C1A92CAE0AAD0042D328 /* Subtitle UTF-8 Converter */,
				5AF2C1BB2CAE0AB00042D328 /* Subtitle UTF-8 ConverterTests */,
				5AF2C1C52CAE0AB00042D328 /* Subtitle UTF-8 ConverterUITests */,
				5AF2C1A82CAE0AAD0042D328 /* Products */,
				5AF2C1D52CAE15300042D328 /* subtitle-encode */,
			);
			sourceTree = "<group>";
		};
		5AF2C1A82CAE0AAD0042D328 /* Products */ = {
			isa = PBXGroup;
			children = (
				5AF2C1A72CAE0AAD0042D328 /* Subtitle UTF-8 Converter.app */,
				5AF2C1B82CAE0AB00042D328 /* Subtitle UTF-8 ConverterTests.xctest */,
				5AF2C1C22CAE0AB00042D328 /* Subtitle UTF-8 ConverterUITests.xctest */,
			);
			name = Products;
			sourceTree = "<group>";
		};
/* End PBXGroup section */

/* Begin PBXNativeTarget section */
		5AF2C1A62CAE0AAD0042D328 /* Subtitle UTF-8 Converter */ = {
			isa = PBXNativeTarget;
			buildConfigurationList = 5AF2C1CC2CAE0AB00042D328 /* Build configuration list for PBXNativeTarget "Subtitle UTF-8 Converter" */;
			buildPhases = (
				5AF2C1A32CAE0AAD0042D328 /* Sources */,
				5AF2C1A42CAE0AAD0042D328 /* Frameworks */,
				5AF2C1A52CAE0AAD0042D328 /* Resources */,
			);
			buildRules = (
			);
			dependencies = (
			);
			fileSystemSynchronizedGroups = (
				5AF2C1A92CAE0AAD0042D328 /* Subtitle UTF-8 Converter */,
			);
			name = "Subtitle UTF-8 Converter";
			packageProductDependencies = (
			);
			productName = "Subtitle UTF-8 Converter";
			productReference = 5AF2C1A72CAE0AAD0042D328 /* Subtitle UTF-8 Converter.app */;
			productType = "com.apple.product-type.application";
		};
		5AF2C1B72CAE0AB00042D328 /* Subtitle UTF-8 ConverterTests */ = {
			isa = PBXNativeTarget;
			buildConfigurationList = 5AF2C1CF2CAE0AB00042D328 /* Build configuration list for PBXNativeTarget "Subtitle UTF-8 ConverterTests" */;
			buildPhases = (
				5AF2C1B42CAE0AB00042D328 /* Sources */,
				5AF2C1B52CAE0AB00042D328 /* Frameworks */,
				5AF2C1B62CAE0AB00042D328 /* Resources */,
			);
			buildRules = (
			);
			dependencies = (
				5AF2C1BA2CAE0AB00042D328 /* PBXTargetDependency */,
			);
			fileSystemSynchronizedGroups = (
				5AF2C1BB2CAE0AB00042D328 /* Subtitle UTF-8 ConverterTests */,
			);
			name = "Subtitle UTF-8 ConverterTests";
			packageProductDependencies = (
			);
			productName = "Subtitle UTF-8 ConverterTests";
			productReference = 5AF2C1B82CAE0AB00042D328 /* Subtitle UTF-8 ConverterTests.xctest */;
			productType = "com.apple.product-type.bundle.unit-test";
		};
		5AF2C1C12CAE0AB00042D328 /* Subtitle UTF-8 ConverterUITests */ = {
			isa = PBXNativeTarget;
			buildConfigurationList = 5AF2C1D22CAE0AB00042D328 /* Build configuration list for PBXNativeTarget "Subtitle UTF-8 ConverterUITests" */;
			buildPhases = (
				5AF2C1BE2CAE0AB00042D328 /* Sources */,
				5AF2C1BF2CAE0AB00042D328 /* Frameworks */,
				5AF2C1C02CAE0AB00042D328 /* Resources */,
			);
			buildRules = (
			);
			dependencies = (
				5AF2C1C42CAE0AB00042D328 /* PBXTargetDependency */,
			);
			fileSystemSynchronizedGroups = (
				5AF2C1C52CAE0AB00042D328 /* Subtitle UTF-8 ConverterUITests */,
			);
			name = "Subtitle UTF-8 ConverterUITests";
			packageProductDependencies = (
			);
			productName = "Subtitle UTF-8 ConverterUITests";
			productReference = 5AF2C1C22CAE0AB00042D328 /* Subtitle UTF-8 ConverterUITests.xctest */;
			productType = "com.apple.product-type.bundle.ui-testing";
		};
/* End PBXNativeTarget section */

/* Begin PBXProject section */
		5AF2C19F2CAE0AAD0042D328 /* Project object */ = {
			isa = PBXProject;
			attributes = {
				BuildIndependentTargetsInParallel = 1;
				LastSwiftUpdateCheck = 1600;
				LastUpgradeCheck = 1600;
				TargetAttributes = {
					5AF2C1A62CAE0AAD0042D328 = {
						CreatedOnToolsVersion = 16.0;
					};
					5AF2C1B72CAE0AB00042D328 = {
						CreatedOnToolsVersion = 16.0;
						TestTargetID = 5AF2C1A62CAE0AAD0042D328;
					};
					5AF2C1C12CAE0AB00042D328 = {
						CreatedOnToolsVersion = 16.0;
						TestTargetID = 5AF2C1A62CAE0AAD0042D328;
					};
				};
			};
			buildConfigurationList = 5AF2C1A22CAE0AAD0042D328 /* Build configuration list for PBXProject "Subtitle UTF-8 Converter" */;
			developmentRegion = en;
			hasScannedForEncodings = 0;
			knownRegions = (
				en,
				Base,
			);
			mainGroup = 5AF2C19E2CAE0AAD0042D328;
			minimizedProjectReferenceProxies = 1;
			preferredProjectObjectVersion = 77;
			productRefGroup = 5AF2C1A82CAE0AAD0042D328 /* Products */;
			projectDirPath = "";
			projectRoot = "";
			targets = (
				5AF2C1A62CAE0AAD0042D328 /* Subtitle UTF-8 Converter */,
				5AF2C1B72CAE0AB00042D328 /* Subtitle UTF-8 ConverterTests */,
				5AF2C1C12CAE0AB00042D328 /* Subtitle UTF-8 ConverterUITests */,
			);
		};
/* End PBXProject section */

/* Begin PBXResourcesBuildPhase section */
		5AF2C1A52CAE0AAD0042D328 /* Resources */ = {
			isa = PBXResourcesBuildPhase;
			buildActionMask = 2147483647;
			files = (
				5AF2C1D62CAE15300042D328 /* subtitle-encode in Resources */,
			);
			runOnlyForDeploymentPostprocessing = 0;
		};
		5AF2C1B62CAE0AB00042D328 /* Resources */ = {
			isa = PBXResourcesBuildPhase;
			buildActionMask = 2147483647;
			files = (
			);
			runOnlyForDeploymentPostprocessing = 0;
		};
		5AF2C1C02CAE0AB00042D328 /* Resources */ = {
			isa = PBXResourcesBuildPhase;
			buildActionMask = 2147483647;
			files = (
			);
			runOnlyForDeploymentPostprocessing = 0;
		};
/* End PBXResourcesBuildPhase section */

/* Begin PBXSourcesBuildPhase section */
		5AF2C1A32CAE0AAD0042D328 /* Sources */ = {
			isa = PBXSourcesBuildPhase;
			buildActionMask = 2147483647;
			files = (
			);
			runOnlyForDeploymentPostprocessing = 0;
		};
		5AF2C1B42CAE0AB00042D328 /* Sources */ = {
			isa = PBXSourcesBuildPhase;
			buildActionMask = 2147483647;
			files = (
			);
			runOnlyForDeploymentPostprocessing = 0;
		};
		5AF2C1BE2CAE0AB00042D328 /* Sources */ = {
			isa = PBXSourcesBuildPhase;
			buildActionMask = 2147483647;
			files = (
			);
			runOnlyForDeploymentPostprocessing = 0;
		};
/* End PBXSourcesBuildPhase section */

/* Begin PBXTargetDependency section */
		5AF2C1BA2CAE0AB00042D328 /* PBXTargetDependency */ = {
			isa = PBXTargetDependency;
			target = 5AF2C1A62CAE0AAD0042D328 /* Subtitle UTF-8 Converter */;
			targetProxy = 5AF2C1B92CAE0AB00042D328 /* PBXContainerItemProxy */;
		};
		5AF2C1C42CAE0AB00042D328 /* PBXTargetDependency */ = {
			isa = PBXTargetDependency;
			target = 5AF2C1A62CAE0AAD0042D328 /* Subtitle UTF-8 Converter */;
			targetProxy = 5AF2C1C32CAE0AB00042D328 /* PBXContainerItemProxy */;
		};
/* End PBXTargetDependency section */

/* Begin XCBuildConfiguration section */
		5AF2C1CA2CAE0AB00042D328 /* Debug */ = {
			isa = XCBuildConfiguration;
			buildSettings = {
				ALWAYS_SEARCH_USER_PATHS = NO;
				ASSETCATALOG_COMPILER_GENERATE_SWIFT_ASSET_SYMBOL_EXTENSIONS = YES;
				CLANG_ANALYZER_NONNULL = YES;
				CLANG_ANALYZER_NUMBER_OBJECT_CONVERSION = YES_AGGRESSIVE;
				CLANG_CXX_LANGUAGE_STANDARD = "gnu++20";
				CLANG_ENABLE_MODULES = YES;
				CLANG_ENABLE_OBJC_ARC = YES;
				CLANG_ENABLE_OBJC_WEAK = YES;
				CLANG_WARN_BLOCK_CAPTURE_AUTORELEASING = YES;
				CLANG_WARN_BOOL_CONVERSION = YES;
				CLANG_WARN_COMMA = YES;
				CLANG_WARN_CONSTANT_CONVERSION = YES;
				CLANG_WARN_DEPRECATED_OBJC_IMPLEMENTATIONS = YES;
				CLANG_WARN_DIRECT_OBJC_ISA_USAGE = YES_ERROR;
				CLANG_WARN_DOCUMENTATION_COMMENTS = YES;
				CLANG_WARN_EMPTY_BODY = YES;
				CLANG_WARN_ENUM_CONVERSION = YES;
				CLANG_WARN_INFINITE_RECURSION = YES;
				CLANG_WARN_INT_CONVERSION = YES;
				CLANG_WARN_NON_LITERAL_NULL_CONVERSION = YES;
				CLANG_WARN_OBJC_IMPLICIT_RETAIN_SELF = YES;
				CLANG_WARN_OBJC_LITERAL_CONVERSION = YES;
				CLANG_WARN_OBJC_ROOT_CLASS = YES_ERROR;
				CLANG_WARN_QUOTED_INCLUDE_IN_FRAMEWORK_HEADER = YES;
				CLANG_WARN_RANGE_LOOP_ANALYSIS = YES;
				CLANG_WARN_STRICT_PROTOTYPES = YES;
				CLANG_WARN_SUSPICIOUS_MOVE = YES;
				CLANG_WARN_UNGUARDED_AVAILABILITY = YES_AGGRESSIVE;
				CLANG_WARN_UNREACHABLE_CODE = YES;
				CLANG_WARN__DUPLICATE_METHOD_MATCH = YES;
				COPY_PHASE_STRIP = NO;
				DEBUG_INFORMATION_FORMAT = dwarf;
				ENABLE_STRICT_OBJC_MSGSEND = YES;
				ENABLE_TESTABILITY = YES;
				ENABLE_USER_SCRIPT_SANDBOXING = YES;
				GCC_C_LANGUAGE_STANDARD = gnu17;
				GCC_DYNAMIC_NO_PIC = NO;
				GCC_NO_COMMON_BLOCKS = YES;
				GCC_OPTIMIZATION_LEVEL = 0;
				GCC_PREPROCESSOR_DEFINITIONS = (
					"DEBUG=1",
					"$(inherited)",
				);
				GCC_WARN_64_TO_32_BIT_CONVERSION = YES;
				GCC_WARN_ABOUT_RETURN_TYPE = YES_ERROR;
				GCC_WARN_UNDECLARED_SELECTOR = YES;
				GCC_WARN_UNINITIALIZED_AUTOS = YES_AGGRESSIVE;
				GCC_WARN_UNUSED_FUNCTION = YES;
				GCC_WARN_UNUSED_VARIABLE = YES;
				LOCALIZATION_PREFERS_STRING_CATALOGS = YES;
				MACOSX_DEPLOYMENT_TARGET = 15.0;
				MTL_ENABLE_DEBUG_INFO = INCLUDE_SOURCE;
				MTL_FAST_MATH = YES;
				ONLY_ACTIVE_ARCH = YES;
				SDKROOT = macosx;
				SWIFT_ACTIVE_COMPILATION_CONDITIONS = "DEBUG $(inherited)";
				SWIFT_OPTIMIZATION_LEVEL = "-Onone";
			};
			name = Debug;
		};
		5AF2C1CB2CAE0AB00042D328 /* Release */ = {
			isa = XCBuildConfiguration;
			buildSettings = {
				ALWAYS_SEARCH_USER_PATHS = NO;
				ASSETCATALOG_COMPILER_GENERATE_SWIFT_ASSET_SYMBOL_EXTENSIONS = YES;
				CLANG_ANALYZER_NONNULL = YES;
				CLANG_ANALYZER_NUMBER_OBJECT_CONVERSION = YES_AGGRESSIVE;
				CLANG_CXX_LANGUAGE_STANDARD = "gnu++20";
				CLANG_ENABLE_MODULES = YES;
				CLANG_ENABLE_OBJC_ARC = YES;
				CLANG_ENABLE_OBJC_WEAK = YES;
				CLANG_WARN_BLOCK_CAPTURE_AUTORELEASING = YES;
				CLANG_WARN_BOOL_CONVERSION = YES;
				CLANG_WARN_COMMA = YES;
				CLANG_WARN_CONSTANT_CONVERSION = YES;
				CLANG_WARN_DEPRECATED_OBJC_IMPLEMENTATIONS = YES;
				CLANG_WARN_DIRECT_OBJC_ISA_USAGE = YES_ERROR;
				CLANG_WARN_DOCUMENTATION_COMMENTS = YES;
				CLANG_WARN_EMPTY_BODY = YES;
				CLANG_WARN_ENUM_CONVERSION = YES;
				CLANG_WARN_INFINITE_RECURSION = YES;
				CLANG_WARN_INT_CONVERSION = YES;
				CLANG_WARN_NON_LITERAL_NULL_CONVERSION = YES;
				CLANG_WARN_OBJC_IMPLICIT_RETAIN_SELF = YES;
				CLANG_WARN_OBJC_LITERAL_CONVERSION = YES;
				CLANG_WARN_OBJC_ROOT_CLASS = YES_ERROR;
				CLANG_WARN_QUOTED_INCLUDE_IN_FRAMEWORK_HEADER = YES;
				CLANG_WARN_RANGE_LOOP_ANALYSIS = YES;
				CLANG_WARN_STRICT_PROTOTYPES = YES;
				CLANG_WARN_SUSPICIOUS_MOVE = YES;
				CLANG_WARN_UNGUARDED_AVAILABILITY = YES_AGGRESSIVE;
				CLANG_WARN_UNREACHABLE_CODE = YES;
				CLANG_WARN__DUPLICATE_METHOD_MATCH = YES;
				COPY_PHASE_STRIP = NO;
				DEBUG_INFORMATION_FORMAT = "dwarf-with-dsym";
				ENABLE_NS_ASSERTIONS = NO;
				ENABLE_STRICT_OBJC_MSGSEND = YES;
				ENABLE_USER_SCRIPT_SANDBOXING = YES;
				GCC_C_LANGUAGE_STANDARD = gnu17;
				GCC_NO_COMMON_BLOCKS = YES;
				GCC_WARN_64_TO_32_BIT_CONVERSION = YES;
				GCC_WARN_ABOUT_RETURN_TYPE = YES_ERROR;
				GCC_WARN_UNDECLARED_SELECTOR = YES;
				GCC_WARN_UNINITIALIZED_AUTOS = YES_AGGRESSIVE;
				GCC_WARN_UNUSED_FUNCTION = YES;
				GCC_WARN_UNUSED_VARIABLE = YES;
				LOCALIZATION_PREFERS_STRING_CATALOGS = YES;
				MACOSX_DEPLOYMENT_TARGET = 15.0;
				MTL_ENABLE_DEBUG_INFO = NO;
				MTL_FAST_MATH = YES;
				SDKROOT = macosx;
				SWIFT_COMPILATION_MODE = wholemodule;
			};
			name = Release;
		};
		5AF2C1CD2CAE0AB00042D328 /* Debug */ = {
			isa = XCBuildConfiguration;
			buildSettings = {
				ASSETCATALOG_COMPILER_APPICON_NAME = AppIcon;
				ASSETCATALOG_COMPILER_GLOBAL_ACCENT_COLOR_NAME = AccentColor;
				CODE_SIGN_ENTITLEMENTS = "Subtitle UTF-8 Converter/Subtitle_UTF_8_Converter.entitlements";
				"CODE_SIGN_IDENTITY[sdk=macosx*]" = "-";
				CODE_SIGN_STYLE = Manual;
				COMBINE_HIDPI_IMAGES = YES;
				CURRENT_PROJECT_VERSION = 1;
				DEVELOPMENT_ASSET_PATHS = "\"Subtitle UTF-8 Converter/Preview Content\"";
				DEVELOPMENT_TEAM = "";
				ENABLE_HARDENED_RUNTIME = YES;
				ENABLE_PREVIEWS = YES;
				GENERATE_INFOPLIST_FILE = YES;
				INFOPLIST_KEY_NSHumanReadableCopyright = "";
				LD_RUNPATH_SEARCH_PATHS = (
					"$(inherited)",
					"@executable_path/../Frameworks",
				);
				MARKETING_VERSION = 1.0;
				PRODUCT_BUNDLE_IDENTIFIER = "com.arefaslani.Subtitle-UTF-8-Converter";
				PRODUCT_NAME = "$(TARGET_NAME)";
				PROVISIONING_PROFILE_SPECIFIER = "";
				SWIFT_EMIT_LOC_STRINGS = YES;
				SWIFT_VERSION = 5.0;
			};
			name = Debug;
		};
		5AF2C1CE2CAE0AB00042D328 /* Release */ = {
			isa = XCBuildConfiguration;
			buildSettings = {
				ASSETCATALOG_COMPILER_APPICON_NAME = AppIcon;
				ASSETCATALOG_COMPILER_GLOBAL_ACCENT_COLOR_NAME = AccentColor;
				CODE_SIGN_ENTITLEMENTS = "Subtitle UTF-8 Converter/Subtitle_UTF_8_Converter.entitlements";
				"CODE_SIGN_IDENTITY[sdk=macosx*]" = "-";
				CODE_SIGN_STYLE = Manual;
				COMBINE_HIDPI_IMAGES = YES;
				CURRENT_PROJECT_VERSION = 1;
				DEVELOPMENT_ASSET_PATHS = "\"Subtitle UTF-8 Converter/Preview Content\"";
				DEVELOPMENT_TEAM = "";
				ENABLE_HARDENED_RUNTIME = YES;
				ENABLE_PREVIEWS = YES;
				GENERATE_INFOPLIST_FILE = YES;
				INFOPLIST_KEY_NSHumanReadableCopyright = "";
				LD_RUNPATH_SEARCH_PATHS = (
					"$(inherited)",
					"@executable_path/../Frameworks",
				);
				MARKETING_VERSION = 1.0;
				PRODUCT_BUNDLE_IDENTIFIER = "com.arefaslani.Subtitle-UTF-8-Converter";
				PRODUCT_NAME = "$(TARGET_NAME)";
				PROVISIONING_PROFILE_SPECIFIER = "";
				SWIFT_EMIT_LOC_STRINGS = YES;
				SWIFT_VERSION = 5.0;
			};
			name = Release;
		};
		5AF2C1D02CAE0AB00042D328 /* Debug */ = {
			isa = XCBuildConfiguration;
			buildSettings = {
				BUNDLE_LOADER = "$(TEST_HOST)";
				CODE_SIGN_STYLE = Automatic;
				CURRENT_PROJECT_VERSION = 1;
				DEVELOPMENT_TEAM = X487YWA6PX;
				GENERATE_INFOPLIST_FILE = YES;
				MACOSX_DEPLOYMENT_TARGET = 15.0;
				MARKETING_VERSION = 1.0;
				PRODUCT_BUNDLE_IDENTIFIER = "com.arefaslani.Subtitle-UTF-8-ConverterTests";
				PRODUCT_NAME = "$(TARGET_NAME)";
				SWIFT_EMIT_LOC_STRINGS = NO;
				SWIFT_VERSION = 5.0;
				TEST_HOST = "$(BUILT_PRODUCTS_DIR)/Subtitle UTF-8 Converter.app/$(BUNDLE_EXECUTABLE_FOLDER_PATH)/Subtitle UTF-8 Converter";
			};
			name = Debug;
		};
		5AF2C1D12CAE0AB00042D328 /* Release */ = {
			isa = XCBuildConfiguration;
			buildSettings = {
				BUNDLE_LOADER = "$(TEST_HOST)";
				CODE_SIGN_STYLE = Automatic;
				CURRENT_PROJECT_VERSION = 1;
				DEVELOPMENT_TEAM = X487YWA6PX;
				GENERATE_INFOPLIST_FILE = YES;
				MACOSX_DEPLOYMENT_TARGET = 15.0;
				MARKETING_VERSION = 1.0;
				PRODUCT_BUNDLE_IDENTIFIER = "com.arefaslani.Subtitle-UTF-8-ConverterTests";
				PRODUCT_NAME = "$(TARGET_NAME)";
				SWIFT_EMIT_LOC_STRINGS = NO;
				SWIFT_VERSION = 5.0;
				TEST_HOST = "$(BUILT_PRODUCTS_DIR)/Subtitle UTF-8 Converter.app/$(BUNDLE_EXECUTABLE_FOLDER_PATH)/Subtitle UTF-8 Converter";
			};
			name = Release;
		};
		5AF2C1D32CAE0AB00042D328 /* Debug */ = {
			isa = XCBuildConfiguration;
			buildSettings = {
				CODE_SIGN_STYLE = Automatic;
				CURRENT_PROJECT_VERSION = 1;
				DEVELOPMENT_TEAM = X487YWA6PX;
				GENERATE_INFOPLIST_FILE = YES;
				MARKETING_VERSION = 1.0;
				PRODUCT_BUNDLE_IDENTIFIER = "com.arefaslani.Subtitle-UTF-8-ConverterUITests";
				PRODUCT_NAME = "$(TARGET_NAME)";
				SWIFT_EMIT_LOC_STRINGS = NO;
				SWIFT_VERSION = 5.0;
				TEST_TARGET_NAME = "Subtitle UTF-8 Converter";
			};
			name = Debug;
		};
		5AF2C1D42CAE0AB00042D328 /* Release */ = {
			isa = XCBuildConfiguration;
			buildSettings = {
				CODE_SIGN_STYLE = Automatic;
				CURRENT_PROJECT_VERSION = 1;
				DEVELOPMENT_TEAM = X487YWA6PX;
				GENERATE_INFOPLIST_FILE = YES;
				MARKETING_VERSION = 1.0;
				PRODUCT_BUNDLE_IDENTIFIER = "com.arefaslani.Subtitle-UTF-8-ConverterUITests";
				PRODUCT_NAME = "$(TARGET_NAME)";
				SWIFT_EMIT_LOC_STRINGS = NO;
				SWIFT_VERSION = 5.0;
				TEST_TARGET_NAME = "Subtitle UTF-8 Converter";
			};
			name = Release;
		};
/* End XCBuildConfiguration section */

/* Begin XCConfigurationList section */
		5AF2C1A22CAE0AAD0042D328 /* Build configuration list for PBXProject "Subtitle UTF-8 Converter" */ = {
			isa = XCConfigurationList;
			buildConfigurations = (
				5AF2C1CA2CAE0AB00042D328 /* Debug */,
				5AF2C1CB2CAE0AB00042D328 /* Release */,
			);
			defaultConfigurationIsVisible = 0;
			defaultConfigurationName = Release;
		};
		5AF2C1CC2CAE0AB00042D328 /* Build configuration list for PBXNativeTarget "Subtitle UTF-8 Converter" */ = {
			isa = XCConfigurationList;
			buildConfigurations = (
				5AF2C1CD2CAE0AB00042D328 /* Debug */,
				5AF2C1CE2CAE0AB00042D328 /* Release */,
			);
			defaultConfigurationIsVisible = 0;
			defaultConfigurationName = Release;
		};
		5AF2C1CF2CAE0AB00042D328 /* Build configuration list for PBXNativeTarget "Subtitle UTF-8 ConverterTests" */ = {
			isa = XCConfigurationList;
			buildConfigurations = (
				5AF2C1D02CAE0AB00042D328 /* Debug */,
				5AF2C1D12CAE0AB00042D328 /* Release */,
			);
			defaultConfigurationIsVisible = 0;
			defaultConfigurationName = Release;
		};
		5AF2C1D22CAE0AB00042D328 /* Build configuration list for PBXNativeTarget "Subtitle UTF-8 ConverterUITests" */ = {
			isa = XCConfigurationList;
			buildConfigurations = (
				5AF2C1D32CAE0AB00042D328 /* Debug */,
				5AF2C1D42CAE0AB00042D328 /* Release */,
			);
			defaultConfigurationIsVisible = 0;
			defaultConfigurationName = Release;
		};
/* End XCConfigurationList section */
	};
	rootObject = 5AF2C19F2CAE0AAD0042D328 /* Project object */;
}
